{
  "name": "go_bun_demo",
  "lockfileVersion": 3,
  "requires": true,
  "packages": {
    "": {
      "dependencies": {
        "koffi": "^2.13.0"
      }
    },
    "node_modules/koffi": {
      "version": "2.13.0",
      "resolved": "https://registry.npmjs.org/koffi/-/koffi-2.13.0.tgz",
      "integrity": "sha512-VqQzBC7XBVJHXA4DkmY68HbH8VTYVaBKq3MFlziI+pdJXIpd/lO4LeXKo2YpIhuTkLgXYra+dDjJOo2+yT1Tsg==",
      "hasInstallScript": true,
      "license": "MIT"
    }
  }
}
